{
  "name": "node-starter",
  "version": "0.0.0",
  "lockfileVersion": 2,
  "requires": true,
  "packages": {
    "": {
      "name": "node-starter",
      "version": "0.0.0",
      "dependencies": {
        "colortranslator": "^1.9.3"
      }
    },
    "node_modules/colortranslator": {
      "version": "1.9.3",
      "resolved": "https://registry.npmjs.org/colortranslator/-/colortranslator-1.9.3.tgz",
      "integrity": "sha512-51O07JAa8J0uIZT08FOGirqRBK9DVG0luuTNjYk9FdawE4tFc3yp7jQhRkZQsUDRwCnKa4CwMRuJIiaSeXsGvg=="
    }
  },
  "dependencies": {
    "colortranslator": {
      "version": "1.9.3",
      "resolved": "https://registry.npmjs.org/colortranslator/-/colortranslator-1.9.3.tgz",
      "integrity": "sha512-51O07JAa8J0uIZT08FOGirqRBK9DVG0luuTNjYk9FdawE4tFc3yp7jQhRkZQsUDRwCnKa4CwMRuJIiaSeXsGvg=="
    }
  }
}
